gitea.stuzer.link/stuzer05/go-firefly3/v2 v2.0.12 h1:+fcEF16UGoaCqT93CYA9qfsvIX5juyHUR6DclgziQ4M=
gitea.stuzer.link/stuzer05/go-firefly3/v2 v2.0.12/go.mod h1:EIOnFYA5dDe5tMrc9CptRVaoGahrYm1CT2XE86Mh9KU=
gitea.stuzer.link/stuzer05/go-monobank v0.2303.0 h1:BDv3h9bk5Fs3iI51W+pXmjPBAQn9T+YZu+B/lmbeBqc=
gitea.stuzer.link/stuzer05/go-monobank v0.2303.0/go.mod h1:y/jOBU1U+NNR5umvDH+scrOWk0byZGZrMb4PHEehyrk=
github.com/antihax/optional v1.0.0 h1:xK2lYat7ZLaVVcIuj82J8kIro4V6kDe0AUDFboUCwcg=
github.com/antihax/optional v1.0.0/go.mod h1:uupD/76wgC+ih3iEmQUL+0Ugr19nfwCT1kdvxnR2qWY=
github.com/google/go-cmp v0.5.9 h1:O2Tfq5qg4qc4AmwVlvv0oLiVAGB7enBSJ2x2DqQFi38=
github.com/google/go-cmp v0.5.9/go.mod h1:17dUlkBOakJ0+DkrSSNjCkIjxS6bF9zb3elmeNGIjoY=
github.com/joho/godotenv v1.5.1 h1:7eLL/+HRGLY0ldzfGMeQkb7vMd0as4CfYvUVzLqw0N0=
github.com/joho/godotenv v1.5.1/go.mod h1:f4LDr5Voq0i2e/R5DDNOoa2zzDfwtkZa6DnEwAbqwq4=
golang.org/x/oauth2 v0.19.0 h1:9+E/EZBCbTLNrbN35fHv/a/d/mOBatymz1zbtQrXpIg=
golang.org/x/oauth2 v0.19.0/go.mod h1:vYi7skDa1x015PmRRYZ7+s1cWyPgrPiSYRe4rnsexc8=
