gitea.stuzer.link/stuzer05/go-firefly3/v2 v2.0.14 h1:HWVoqgiZF0FEzf+7V2ENWwEmy3esD3gq5Xw73Pli9l8=
gitea.stuzer.link/stuzer05/go-firefly3/v2 v2.0.14/go.mod h1:EIOnFYA5dDe5tMrc9CptRVaoGahrYm1CT2XE86Mh9KU=
gitea.stuzer.link/stuzer05/go-firefly3/v2 v2.0.15-0.20240511125811-dd1cae608bcb h1:wLgU7mSo5OfQKJo5r5G27WEROHffVV6YyctibxKnlL4=
gitea.stuzer.link/stuzer05/go-firefly3/v2 v2.0.15-0.20240511125811-dd1cae608bcb/go.mod h1:EIOnFYA5dDe5tMrc9CptRVaoGahrYm1CT2XE86Mh9KU=
gitea.stuzer.link/stuzer05/go-monobank v0.2303.0 h1:BDv3h9bk5Fs3iI51W+pXmjPBAQn9T+YZu+B/lmbeBqc=
gitea.stuzer.link/stuzer05/go-monobank v0.2303.0/go.mod h1:y/jOBU1U+NNR5umvDH+scrOWk0byZGZrMb4PHEehyrk=
github.com/antihax/optional v1.0.0 h1:xK2lYat7ZLaVVcIuj82J8kIro4V6kDe0AUDFboUCwcg=
github.com/antihax/optional v1.0.0/go.mod h1:uupD/76wgC+ih3iEmQUL+0Ugr19nfwCT1kdvxnR2qWY=
github.com/google/go-cmp v0.5.9 h1:O2Tfq5qg4qc4AmwVlvv0oLiVAGB7enBSJ2x2DqQFi38=
github.com/google/go-cmp v0.5.9/go.mod h1:17dUlkBOakJ0+DkrSSNjCkIjxS6bF9zb3elmeNGIjoY=
github.com/joho/godotenv v1.5.1 h1:7eLL/+HRGLY0ldzfGMeQkb7vMd0as4CfYvUVzLqw0N0=
github.com/joho/godotenv v1.5.1/go.mod h1:f4LDr5Voq0i2e/R5DDNOoa2zzDfwtkZa6DnEwAbqwq4=
golang.org/x/oauth2 v0.20.0 h1:4mQdhULixXKP1rwYBW0vAijoXnkTG0BLCDRzfe1idMo=
golang.org/x/oauth2 v0.20.0/go.mod h1:XYTD2NtWslqkgxebSiOHnXEap4TF09sJSc7H1sXbhtI=
